
Microsoft Visual Studio Solution File, Format Version 12.00
# Visual Studio Version 17
VisualStudioVersion = 17.12.35506.116 d17.12
MinimumVisualStudioVersion = 10.0.40219.1
Project("{FAE04EC0-301F-11D3-BF4B-00C04F79EFBC}") = "ProxyMov_DownloadServer", "ProxyMov_DownloadServer\ProxyMov_DownloadServer.csproj", "{62D00E2E-8162-4E05-9314-8B1F7FAD5945}"
EndProject
Project("{FAE04EC0-301F-11D3-BF4B-00C04F79EFBC}") = "ProxyMov_DownloadServer.AppHost", "ProxyMov_DownloadServer.AppHost\ProxyMov_DownloadServer.AppHost.csproj", "{BF7EA1D5-F8D8-4C5B-8C2B-D78841BA8BE4}"
EndProject
Project("{FAE04EC0-301F-11D3-BF4B-00C04F79EFBC}") = "ProxyMov_DownloadServer.ServiceDefaults", "ProxyMov_DownloadServer.ServiceDefaults\ProxyMov_DownloadServer.ServiceDefaults.csproj", "{CD621B84-D1A3-4E00-A822-9BCF4A06B688}"
EndProject
Global
	GlobalSection(SolutionConfigurationPlatforms) = preSolution
		Debug|Any CPU = Debug|Any CPU
		Release|Any CPU = Release|Any CPU
	EndGlobalSection
	GlobalSection(ProjectConfigurationPlatforms) = postSolution
		{62D00E2E-8162-4E05-9314-8B1F7FAD5945}.Debug|Any CPU.ActiveCfg = Debug|Any CPU
		{62D00E2E-8162-4E05-9314-8B1F7FAD5945}.Debug|Any CPU.Build.0 = Debug|Any CPU
		{62D00E2E-8162-4E05-9314-8B1F7FAD5945}.Release|Any CPU.ActiveCfg = Release|Any CPU
		{62D00E2E-8162-4E05-9314-8B1F7FAD5945}.Release|Any CPU.Build.0 = Release|Any CPU
		{BF7EA1D5-F8D8-4C5B-8C2B-D78841BA8BE4}.Debug|Any CPU.ActiveCfg = Debug|Any CPU
		{BF7EA1D5-F8D8-4C5B-8C2B-D78841BA8BE4}.Debug|Any CPU.Build.0 = Debug|Any CPU
		{BF7EA1D5-F8D8-4C5B-8C2B-D78841BA8BE4}.Release|Any CPU.ActiveCfg = Release|Any CPU
		{BF7EA1D5-F8D8-4C5B-8C2B-D78841BA8BE4}.Release|Any CPU.Build.0 = Release|Any CPU
		{CD621B84-D1A3-4E00-A822-9BCF4A06B688}.Debug|Any CPU.ActiveCfg = Debug|Any CPU
		{CD621B84-D1A3-4E00-A822-9BCF4A06B688}.Debug|Any CPU.Build.0 = Debug|Any CPU
		{CD621B84-D1A3-4E00-A822-9BCF4A06B688}.Release|Any CPU.ActiveCfg = Release|Any CPU
		{CD621B84-D1A3-4E00-A822-9BCF4A06B688}.Release|Any CPU.Build.0 = Release|Any CPU
	EndGlobalSection
	GlobalSection(SolutionProperties) = preSolution
		HideSolutionNode = FALSE
	EndGlobalSection
EndGlobal
